
Microsoft Visual Studio Solution File, Format Version 12.00
# Visual Studio Version 16
VisualStudioVersion = 16.0.32602.291
MinimumVisualStudioVersion = 10.0.40219.1
Project("{FAE04EC0-301F-11D3-BF4B-00C04F79EFBC}") = "AspnetcoreEcommercedemo", "AspnetcoreEcommercedemo.csproj", "{DB12BB5E-DC13-47F4-8A2A-26738B1A3C7E}"
EndProject
Global
	GlobalSection(SolutionConfigurationPlatforms) = preSolution
		Debug|Any CPU = Debug|Any CPU
		Release|Any CPU = Release|Any CPU
	EndGlobalSection
	GlobalSection(ProjectConfigurationPlatforms) = postSolution
		{DB12BB5E-DC13-47F4-8A2A-26738B1A3C7E}.Debug|Any CPU.ActiveCfg = Debug|Any CPU
		{DB12BB5E-DC13-47F4-8A2A-26738B1A3C7E}.Debug|Any CPU.Build.0 = Debug|Any CPU
		{DB12BB5E-DC13-47F4-8A2A-26738B1A3C7E}.Release|Any CPU.ActiveCfg = Release|Any CPU
		{DB12BB5E-DC13-47F4-8A2A-26738B1A3C7E}.Release|Any CPU.Build.0 = Release|Any CPU
	EndGlobalSection
	GlobalSection(SolutionProperties) = preSolution
		HideSolutionNode = FALSE
	EndGlobalSection
	GlobalSection(ExtensibilityGlobals) = postSolution
		SolutionGuid = {1F1A4330-58F3-4E39-9183-82BB574559DC}
	EndGlobalSection
EndGlobal
